// !$*UTF8*$!
{
	archiveVersion = 1;
	classes = {
	};
	objectVersion = 50;
	objects = {

/* Begin PBXBuildFile section */
		B88CF783262DBE4900CE4E1B /* Carousel_Zoom_ScrollApp.swift in Sources */ = {isa = PBXBuildFile; fileRef = B88CF782262DBE4900CE4E1B /* Carousel_Zoom_ScrollApp.swift */; };
		B88CF785262DBE4900CE4E1B /* ContentView.swift in Sources */ = {isa = PBXBuildFile; fileRef = B88CF784262DBE4900CE4E1B /* ContentView.swift */; };
		B88CF787262DBE4A00CE4E1B /* Assets.xcassets in Resources */ = {isa = PBXBuildFile; fileRef = B88CF786262DBE4A00CE4E1B /* Assets.xcassets */; };
		B88CF78A262DBE4A00CE4E1B /* Preview Assets.xcassets in Resources */ = {isa = PBXBuildFile; fileRef = B88CF789262DBE4A00CE4E1B /* Preview Assets.xcassets */; };
/* End PBXBuildFile section */

/* Begin PBXFileReference section */
		B88CF77F262DBE4900CE4E1B /* Carousel Zoom Scroll.app */ = {isa = PBXFileReference; explicitFileType = wrapper.application; includeInIndex = 0; path = "Carousel Zoom Scroll.app"; sourceTree = BUILT_PRODUCTS_DIR; };
		B88CF782262DBE4900CE4E1B /* Carousel_Zoom_ScrollApp.swift */ = {isa = PBXFileReference; lastKnownFileType = sourcecode.swift; path = Carousel_Zoom_ScrollApp.swift; sourceTree = "<group>"; };
		B88CF784262DBE4900CE4E1B /* ContentView.swift */ = {isa = PBXFileReference; lastKnownFileType = sourcecode.swift; path = ContentView.swift; sourceTree = "<group>"; };
		B88CF786262DBE4A00CE4E1B /* Assets.xcassets */ = {isa = PBXFileReference; lastKnownFileType = folder.assetcatalog; path = Assets.xcassets; sourceTree = "<group>"; };
		B88CF789262DBE4A00CE4E1B /* Preview Assets.xcassets */ = {isa = PBXFileReference; lastKnownFileType = folder.assetcatalog; path = "Preview Assets.xcassets"; sourceTree = "<group>"; };
		B88CF78B262DBE4A00CE4E1B /* Info.plist */ = {isa = PBXFileReference; lastKnownFileType = text.plist.xml; path = Info.plist; sourceTree = "<group>"; };
/* End PBXFileReference section */

/* Begin PBXFrameworksBuildPhase section */
		B88CF77C262DBE4900CE4E1B /* Frameworks */ = {
			isa = PBXFrameworksBuildPhase;
			buildActionMask = 2147483647;
			files = (
			);
			runOnlyForDeploymentPostprocessing = 0;
		};
/* End PBXFrameworksBuildPhase section */

/* Begin PBXGroup section */
		B88CF776262DBE4900CE4E1B = {
			isa = PBXGroup;
			children = (
				B88CF781262DBE4900CE4E1B /* Carousel Zoom Scroll */,
				B88CF780262DBE4900CE4E1B /* Products */,
			);
			sourceTree = "<group>";
		};
		B88CF780262DBE4900CE4E1B /* Products */ = {
			isa = PBXGroup;
			children = (
				B88CF77F262DBE4900CE4E1B /* Carousel Zoom Scroll.app */,
			);
			name = Products;
			sourceTree = "<group>";
		};
		B88CF781262DBE4900CE4E1B /* Carousel Zoom Scroll */ = {
			isa = PBXGroup;
			children = (
				B88CF782262DBE4900CE4E1B /* Carousel_Zoom_ScrollApp.swift */,
				B88CF784262DBE4900CE4E1B /* ContentView.swift */,
				B88CF786262DBE4A00CE4E1B /* Assets.xcassets */,
				B88CF78B262DBE4A00CE4E1B /* Info.plist */,
				B88CF788262DBE4A00CE4E1B /* Preview Content */,
			);
			path = "Carousel Zoom Scroll";
			sourceTree = "<group>";
		};
		B88CF788262DBE4A00CE4E1B /* Preview Content */ = {
			isa = PBXGroup;
			children = (
				B88CF789262DBE4A00CE4E1B /* Preview Assets.xcassets */,
			);
			path = "Preview Content";
			sourceTree = "<group>";
		};
/* End PBXGroup section */

/* Begin PBXNativeTarget section */
		B88CF77E262DBE4900CE4E1B /* Carousel Zoom Scroll */ = {
			isa = PBXNativeTarget;
			buildConfigurationList = B88CF78E262DBE4A00CE4E1B /* Build configuration list for PBXNativeTarget "Carousel Zoom Scroll" */;
			buildPhases = (
				B88CF77B262DBE4900CE4E1B /* Sources */,
				B88CF77C262DBE4900CE4E1B /* Frameworks */,
				B88CF77D262DBE4900CE4E1B /* Resources */,
			);
			buildRules = (
			);
			dependencies = (
			);
			name = "Carousel Zoom Scroll";
			productName = "Carousel Zoom Scroll";
			productReference = B88CF77F262DBE4900CE4E1B /* Carousel Zoom Scroll.app */;
			productType = "com.apple.product-type.application";
		};
/* End PBXNativeTarget section */

/* Begin PBXProject section */
		B88CF777262DBE4900CE4E1B /* Project object */ = {
			isa = PBXProject;
			attributes = {
				LastSwiftUpdateCheck = 1240;
				LastUpgradeCheck = 1240;
				TargetAttributes = {
					B88CF77E262DBE4900CE4E1B = {
						CreatedOnToolsVersion = 12.4;
					};
				};
			};
			buildConfigurationList = B88CF77A262DBE4900CE4E1B /* Build configuration list for PBXProject "Carousel Zoom Scroll" */;
			compatibilityVersion = "Xcode 9.3";
			developmentRegion = en;
			hasScannedForEncodings = 0;
			knownRegions = (
				en,
				Base,
			);
			mainGroup = B88CF776262DBE4900CE4E1B;
			productRefGroup = B88CF780262DBE4900CE4E1B /* Products */;
			projectDirPath = "";
			projectRoot = "";
			targets = (
				B88CF77E262DBE4900CE4E1B /* Carousel Zoom Scroll */,
			);
		};
/* End PBXProject section */

/* Begin PBXResourcesBuildPhase section */
		B88CF77D262DBE4900CE4E1B /* Resources */ = {
			isa = PBXResourcesBuildPhase;
			buildActionMask = 2147483647;
			files = (
				B88CF78A262DBE4A00CE4E1B /* Preview Assets.xcassets in Resources */,
				B88CF787262DBE4A00CE4E1B /* Assets.xcassets in Resources */,
			);
			runOnlyForDeploymentPostprocessing = 0;
		};
/* End PBXResourcesBuildPhase section */

/* Begin PBXSourcesBuildPhase section */
		B88CF77B262DBE4900CE4E1B /* Sources */ = {
			isa = PBXSourcesBuildPhase;
			buildActionMask = 2147483647;
			files = (
				B88CF785262DBE4900CE4E1B /* ContentView.swift in Sources */,
				B88CF783262DBE4900CE4E1B /* Carousel_Zoom_ScrollApp.swift in Sources */,
			);
			runOnlyForDeploymentPostprocessing = 0;
		};
/* End PBXSourcesBuildPhase section */

/* Begin XCBuildConfiguration section */
		B88CF78C262DBE4A00CE4E1B /* Debug */ = {
			isa = XCBuildConfiguration;
			buildSettings = {
				ALWAYS_SEARCH_USER_PATHS = NO;
				CLANG_ANALYZER_NONNULL = YES;
				CLANG_ANALYZER_NUMBER_OBJECT_CONVERSION = YES_AGGRESSIVE;
				CLANG_CXX_LANGUAGE_STANDARD = "gnu++14";
				CLANG_CXX_LIBRARY = "libc++";
				CLANG_ENABLE_MODULES = YES;
				CLANG_ENABLE_OBJC_ARC = YES;
				CLANG_ENABLE_OBJC_WEAK = YES;
				CLANG_WARN_BLOCK_CAPTURE_AUTORELEASING = YES;
				CLANG_WARN_BOOL_CONVERSION = YES;
				CLANG_WARN_COMMA = YES;
				CLANG_WARN_CONSTANT_CONVERSION = YES;
				CLANG_WARN_DEPRECATED_OBJC_IMPLEMENTATIONS = YES;
				CLANG_WARN_DIRECT_OBJC_ISA_USAGE = YES_ERROR;
				CLANG_WARN_DOCUMENTATION_COMMENTS = YES;
				CLANG_WARN_EMPTY_BODY = YES;
				CLANG_WARN_ENUM_CONVERSION = YES;
				CLANG_WARN_INFINITE_RECURSION = YES;
				CLANG_WARN_INT_CONVERSION = YES;
				CLANG_WARN_NON_LITERAL_NULL_CONVERSION = YES;
				CLANG_WARN_OBJC_IMPLICIT_RETAIN_SELF = YES;
				CLANG_WARN_OBJC_LITERAL_CONVERSION = YES;
				CLANG_WARN_OBJC_ROOT_CLASS = YES_ERROR;
				CLANG_WARN_QUOTED_INCLUDE_IN_FRAMEWORK_HEADER = YES;
				CLANG_WARN_RANGE_LOOP_ANALYSIS = YES;
				CLANG_WARN_STRICT_PROTOTYPES = YES;
				CLANG_WARN_SUSPICIOUS_MOVE = YES;
				CLANG_WARN_UNGUARDED_AVAILABILITY = YES_AGGRESSIVE;
				CLANG_WARN_UNREACHABLE_CODE = YES;
				CLANG_WARN__DUPLICATE_METHOD_MATCH = YES;
				COPY_PHASE_STRIP = NO;
				DEBUG_INFORMATION_FORMAT = dwarf;
				ENABLE_STRICT_OBJC_MSGSEND = YES;
				ENABLE_TESTABILITY = YES;
				GCC_C_LANGUAGE_STANDARD = gnu11;
				GCC_DYNAMIC_NO_PIC = NO;
				GCC_NO_COMMON_BLOCKS = YES;
				GCC_OPTIMIZATION_LEVEL = 0;
				GCC_PREPROCESSOR_DEFINITIONS = (
					"DEBUG=1",
					"$(inherited)",
				);
				GCC_WARN_64_TO_32_BIT_CONVERSION = YES;
				GCC_WARN_ABOUT_RETURN_TYPE = YES_ERROR;
				GCC_WARN_UNDECLARED_SELECTOR = YES;
				GCC_WARN_UNINITIALIZED_AUTOS = YES_AGGRESSIVE;
				GCC_WARN_UNUSED_FUNCTION = YES;
				GCC_WARN_UNUSED_VARIABLE = YES;
				IPHONEOS_DEPLOYMENT_TARGET = 14.4;
				MTL_ENABLE_DEBUG_INFO = INCLUDE_SOURCE;
				MTL_FAST_MATH = YES;
				ONLY_ACTIVE_ARCH = YES;
				SDKROOT = iphoneos;
				SWIFT_ACTIVE_COMPILATION_CONDITIONS = DEBUG;
				SWIFT_OPTIMIZATION_LEVEL = "-Onone";
			};
			name = Debug;
		};
		B88CF78D262DBE4A00CE4E1B /* Release */ = {
			isa = XCBuildConfiguration;
			buildSettings = {
				ALWAYS_SEARCH_USER_PATHS = NO;
				CLANG_ANALYZER_NONNULL = YES;
				CLANG_ANALYZER_NUMBER_OBJECT_CONVERSION = YES_AGGRESSIVE;
				CLANG_CXX_LANGUAGE_STANDARD = "gnu++14";
				CLANG_CXX_LIBRARY = "libc++";
				CLANG_ENABLE_MODULES = YES;
				CLANG_ENABLE_OBJC_ARC = YES;
				CLANG_ENABLE_OBJC_WEAK = YES;
				CLANG_WARN_BLOCK_CAPTURE_AUTORELEASING = YES;
				CLANG_WARN_BOOL_CONVERSION = YES;
				CLANG_WARN_COMMA = YES;
				CLANG_WARN_CONSTANT_CONVERSION = YES;
				CLANG_WARN_DEPRECATED_OBJC_IMPLEMENTATIONS = YES;
				CLANG_WARN_DIRECT_OBJC_ISA_USAGE = YES_ERROR;
				CLANG_WARN_DOCUMENTATION_COMMENTS = YES;
				CLANG_WARN_EMPTY_BODY = YES;
				CLANG_WARN_ENUM_CONVERSION = YES;
				CLANG_WARN_INFINITE_RECURSION = YES;
				CLANG_WARN_INT_CONVERSION = YES;
				CLANG_WARN_NON_LITERAL_NULL_CONVERSION = YES;
				CLANG_WARN_OBJC_IMPLICIT_RETAIN_SELF = YES;
				CLANG_WARN_OBJC_LITERAL_CONVERSION = YES;
				CLANG_WARN_OBJC_ROOT_CLASS = YES_ERROR;
				CLANG_WARN_QUOTED_INCLUDE_IN_FRAMEWORK_HEADER = YES;
				CLANG_WARN_RANGE_LOOP_ANALYSIS = YES;
				CLANG_WARN_STRICT_PROTOTYPES = YES;
				CLANG_WARN_SUSPICIOUS_MOVE = YES;
				CLANG_WARN_UNGUARDED_AVAILABILITY = YES_AGGRESSIVE;
				CLANG_WARN_UNREACHABLE_CODE = YES;
				CLANG_WARN__DUPLICATE_METHOD_MATCH = YES;
				COPY_PHASE_STRIP = NO;
				DEBUG_INFORMATION_FORMAT = "dwarf-with-dsym";
				ENABLE_NS_ASSERTIONS = NO;
				ENABLE_STRICT_OBJC_MSGSEND = YES;
				GCC_C_LANGUAGE_STANDARD = gnu11;
				GCC_NO_COMMON_BLOCKS = YES;
				GCC_WARN_64_TO_32_BIT_CONVERSION = YES;
				GCC_WARN_ABOUT_RETURN_TYPE = YES_ERROR;
				GCC_WARN_UNDECLARED_SELECTOR = YES;
				GCC_WARN_UNINITIALIZED_AUTOS = YES_AGGRESSIVE;
				GCC_WARN_UNUSED_FUNCTION = YES;
				GCC_WARN_UNUSED_VARIABLE = YES;
				IPHONEOS_DEPLOYMENT_TARGET = 14.4;
				MTL_ENABLE_DEBUG_INFO = NO;
				MTL_FAST_MATH = YES;
				SDKROOT = iphoneos;
				SWIFT_COMPILATION_MODE = wholemodule;
				SWIFT_OPTIMIZATION_LEVEL = "-O";
				VALIDATE_PRODUCT = YES;
			};
			name = Release;
		};
		B88CF78F262DBE4A00CE4E1B /* Debug */ = {
			isa = XCBuildConfiguration;
			buildSettings = {
				ASSETCATALOG_COMPILER_APPICON_NAME = AppIcon;
				ASSETCATALOG_COMPILER_GLOBAL_ACCENT_COLOR_NAME = AccentColor;
				CODE_SIGN_STYLE = Automatic;
				DEVELOPMENT_ASSET_PATHS = "\"Carousel Zoom Scroll/Preview Content\"";
				DEVELOPMENT_TEAM = 2DY52YYPUP;
				ENABLE_PREVIEWS = YES;
				INFOPLIST_FILE = "Carousel Zoom Scroll/Info.plist";
				IPHONEOS_DEPLOYMENT_TARGET = 14.0;
				LD_RUNPATH_SEARCH_PATHS = (
					"$(inherited)",
					"@executable_path/Frameworks",
				);
				PRODUCT_BUNDLE_IDENTIFIER = "app.Carousel-Zoom-Scroll";
				PRODUCT_NAME = "$(TARGET_NAME)";
				SWIFT_VERSION = 5.0;
				TARGETED_DEVICE_FAMILY = "1,2";
			};
			name = Debug;
		};
		B88CF790262DBE4A00CE4E1B /* Release */ = {
			isa = XCBuildConfiguration;
			buildSettings = {
				ASSETCATALOG_COMPILER_APPICON_NAME = AppIcon;
				ASSETCATALOG_COMPILER_GLOBAL_ACCENT_COLOR_NAME = AccentColor;
				CODE_SIGN_STYLE = Automatic;
				DEVELOPMENT_ASSET_PATHS = "\"Carousel Zoom Scroll/Preview Content\"";
				DEVELOPMENT_TEAM = 2DY52YYPUP;
				ENABLE_PREVIEWS = YES;
				INFOPLIST_FILE = "Carousel Zoom Scroll/Info.plist";
				IPHONEOS_DEPLOYMENT_TARGET = 14.0;
				LD_RUNPATH_SEARCH_PATHS = (
					"$(inherited)",
					"@executable_path/Frameworks",
				);
				PRODUCT_BUNDLE_IDENTIFIER = "app.Carousel-Zoom-Scroll";
				PRODUCT_NAME = "$(TARGET_NAME)";
				SWIFT_VERSION = 5.0;
				TARGETED_DEVICE_FAMILY = "1,2";
			};
			name = Release;
		};
/* End XCBuildConfiguration section */

/* Begin XCConfigurationList section */
		B88CF77A262DBE4900CE4E1B /* Build configuration list for PBXProject "Carousel Zoom Scroll" */ = {
			isa = XCConfigurationList;
			buildConfigurations = (
				B88CF78C262DBE4A00CE4E1B /* Debug */,
				B88CF78D262DBE4A00CE4E1B /* Release */,
			);
			defaultConfigurationIsVisible = 0;
			defaultConfigurationName = Release;
		};
		B88CF78E262DBE4A00CE4E1B /* Build configuration list for PBXNativeTarget "Carousel Zoom Scroll" */ = {
			isa = XCConfigurationList;
			buildConfigurations = (
				B88CF78F262DBE4A00CE4E1B /* Debug */,
				B88CF790262DBE4A00CE4E1B /* Release */,
			);
			defaultConfigurationIsVisible = 0;
			defaultConfigurationName = Release;
		};
/* End XCConfigurationList section */
	};
	rootObject = B88CF777262DBE4900CE4E1B /* Project object */;
}
