// !$*UTF8*$!
{
	archiveVersion = 1;
	classes = {
	};
	objectVersion = 50;
	objects = {

/* Begin PBXBuildFile section */
		B815763825FE0C5B008A4DD8 /* ButtonMenuView.swift in Sources */ = {isa = PBXBuildFile; fileRef = B815763725FE0C5B008A4DD8 /* ButtonMenuView.swift */; };
		B815763B25FE5011008A4DD8 /* SliderGlassView.swift in Sources */ = {isa = PBXBuildFile; fileRef = B815763A25FE5011008A4DD8 /* SliderGlassView.swift */; };
		B815763E25FE51D6008A4DD8 /* RandomCirclesView.swift in Sources */ = {isa = PBXBuildFile; fileRef = B815763D25FE51D6008A4DD8 /* RandomCirclesView.swift */; };
		B815764325FE544F008A4DD8 /* DradGestureMenuView.swift in Sources */ = {isa = PBXBuildFile; fileRef = B815764225FE544F008A4DD8 /* DradGestureMenuView.swift */; };
		B815764725FE60DC008A4DD8 /* LongPressGestureWavesView.swift in Sources */ = {isa = PBXBuildFile; fileRef = B815764625FE60DC008A4DD8 /* LongPressGestureWavesView.swift */; };
		B815764C25FE6258008A4DD8 /* GestureMagnificationView.swift in Sources */ = {isa = PBXBuildFile; fileRef = B815764B25FE6258008A4DD8 /* GestureMagnificationView.swift */; };
		B815765025FE6373008A4DD8 /* RotationGestureGearsView.swift in Sources */ = {isa = PBXBuildFile; fileRef = B815764F25FE6373008A4DD8 /* RotationGestureGearsView.swift */; };
		B815765425FE65EF008A4DD8 /* ParallaxScrollingEffectView.swift in Sources */ = {isa = PBXBuildFile; fileRef = B815765325FE65EF008A4DD8 /* ParallaxScrollingEffectView.swift */; };
		B815765825FE6929008A4DD8 /* PopupView.swift in Sources */ = {isa = PBXBuildFile; fileRef = B815765725FE6928008A4DD8 /* PopupView.swift */; };
		B815766025FE6F49008A4DD8 /* ZoomImageInArticle.swift in Sources */ = {isa = PBXBuildFile; fileRef = B815765F25FE6F49008A4DD8 /* ZoomImageInArticle.swift */; };
		B8238B28261F6CF5004642D6 /* SequencingView.swift in Sources */ = {isa = PBXBuildFile; fileRef = B8238B27261F6CF5004642D6 /* SequencingView.swift */; };
		B8238B2B261F71E0004642D6 /* SpeedAnimationView.swift in Sources */ = {isa = PBXBuildFile; fileRef = B8238B2A261F71E0004642D6 /* SpeedAnimationView.swift */; };
		B8238B2F261F761B004642D6 /* LoginFormSequenceView.swift in Sources */ = {isa = PBXBuildFile; fileRef = B8238B2E261F761B004642D6 /* LoginFormSequenceView.swift */; };
		B85DE51A25FD164400A04A66 /* HueRotationView.swift in Sources */ = {isa = PBXBuildFile; fileRef = B85DE51925FD164400A04A66 /* HueRotationView.swift */; };
		B85DE51E25FD194B00A04A66 /* AlignmentAnimation.swift in Sources */ = {isa = PBXBuildFile; fileRef = B85DE51D25FD194B00A04A66 /* AlignmentAnimation.swift */; };
		B85DE52125FD1B2F00A04A66 /* RotationAnimation.swift in Sources */ = {isa = PBXBuildFile; fileRef = B85DE52025FD1B2F00A04A66 /* RotationAnimation.swift */; };
		B85DE52525FD1CB500A04A66 /* SizeAnimation.swift in Sources */ = {isa = PBXBuildFile; fileRef = B85DE52425FD1CB500A04A66 /* SizeAnimation.swift */; };
		B85DE52925FD1EEA00A04A66 /* TextAnimation.swift in Sources */ = {isa = PBXBuildFile; fileRef = B85DE52825FD1EEA00A04A66 /* TextAnimation.swift */; };
		B85DE52D25FD20B000A04A66 /* TrimAnimation.swift in Sources */ = {isa = PBXBuildFile; fileRef = B85DE52C25FD20B000A04A66 /* TrimAnimation.swift */; };
		B85DE53125FD222300A04A66 /* FlyingAway.swift in Sources */ = {isa = PBXBuildFile; fileRef = B85DE53025FD222300A04A66 /* FlyingAway.swift */; };
		B85DE53525FD25F800A04A66 /* LoginForm.swift in Sources */ = {isa = PBXBuildFile; fileRef = B85DE53425FD25F800A04A66 /* LoginForm.swift */; };
		B880919525F13FDE00D7C7AC /* BookSolutions_QuickStartApp.swift in Sources */ = {isa = PBXBuildFile; fileRef = B880919425F13FDE00D7C7AC /* BookSolutions_QuickStartApp.swift */; };
		B880919725F13FDE00D7C7AC /* ContentView.swift in Sources */ = {isa = PBXBuildFile; fileRef = B880919625F13FDE00D7C7AC /* ContentView.swift */; };
		B880919925F13FDF00D7C7AC /* Assets.xcassets in Resources */ = {isa = PBXBuildFile; fileRef = B880919825F13FDF00D7C7AC /* Assets.xcassets */; };
		B880919C25F13FDF00D7C7AC /* Preview Assets.xcassets in Resources */ = {isa = PBXBuildFile; fileRef = B880919B25F13FDF00D7C7AC /* Preview Assets.xcassets */; };
		B88091A625F1409600D7C7AC /* MoveCircleShape.swift in Sources */ = {isa = PBXBuildFile; fileRef = B88091A525F1409600D7C7AC /* MoveCircleShape.swift */; };
		B88730F02611138600B7A7F9 /* RepeatingAnimationView.swift in Sources */ = {isa = PBXBuildFile; fileRef = B88730EF2611138600B7A7F9 /* RepeatingAnimationView.swift */; };
		B88DAEDC262215AC00263D20 /* HorizontalMenuView.swift in Sources */ = {isa = PBXBuildFile; fileRef = B88DAEDB262215AC00263D20 /* HorizontalMenuView.swift */; };
		B8BF2673262310150033F4D9 /* RollingButtonView.swift in Sources */ = {isa = PBXBuildFile; fileRef = B8BF2672262310150033F4D9 /* RollingButtonView.swift */; };
/* End PBXBuildFile section */

/* Begin PBXFileReference section */
		B815763725FE0C5B008A4DD8 /* ButtonMenuView.swift */ = {isa = PBXFileReference; lastKnownFileType = sourcecode.swift; path = ButtonMenuView.swift; sourceTree = "<group>"; };
		B815763A25FE5011008A4DD8 /* SliderGlassView.swift */ = {isa = PBXFileReference; lastKnownFileType = sourcecode.swift; path = SliderGlassView.swift; sourceTree = "<group>"; };
		B815763D25FE51D6008A4DD8 /* RandomCirclesView.swift */ = {isa = PBXFileReference; lastKnownFileType = sourcecode.swift; path = RandomCirclesView.swift; sourceTree = "<group>"; };
		B815764225FE544F008A4DD8 /* DradGestureMenuView.swift */ = {isa = PBXFileReference; lastKnownFileType = sourcecode.swift; path = DradGestureMenuView.swift; sourceTree = "<group>"; };
		B815764625FE60DC008A4DD8 /* LongPressGestureWavesView.swift */ = {isa = PBXFileReference; lastKnownFileType = sourcecode.swift; path = LongPressGestureWavesView.swift; sourceTree = "<group>"; };
		B815764B25FE6258008A4DD8 /* GestureMagnificationView.swift */ = {isa = PBXFileReference; lastKnownFileType = sourcecode.swift; path = GestureMagnificationView.swift; sourceTree = "<group>"; };
		B815764F25FE6373008A4DD8 /* RotationGestureGearsView.swift */ = {isa = PBXFileReference; lastKnownFileType = sourcecode.swift; path = RotationGestureGearsView.swift; sourceTree = "<group>"; };
		B815765325FE65EF008A4DD8 /* ParallaxScrollingEffectView.swift */ = {isa = PBXFileReference; lastKnownFileType = sourcecode.swift; path = ParallaxScrollingEffectView.swift; sourceTree = "<group>"; };
		B815765725FE6928008A4DD8 /* PopupView.swift */ = {isa = PBXFileReference; lastKnownFileType = sourcecode.swift; path = PopupView.swift; sourceTree = "<group>"; };
		B815765F25FE6F49008A4DD8 /* ZoomImageInArticle.swift */ = {isa = PBXFileReference; lastKnownFileType = sourcecode.swift; path = ZoomImageInArticle.swift; sourceTree = "<group>"; };
		B8238B27261F6CF5004642D6 /* SequencingView.swift */ = {isa = PBXFileReference; lastKnownFileType = sourcecode.swift; path = SequencingView.swift; sourceTree = "<group>"; };
		B8238B2A261F71E0004642D6 /* SpeedAnimationView.swift */ = {isa = PBXFileReference; lastKnownFileType = sourcecode.swift; path = SpeedAnimationView.swift; sourceTree = "<group>"; };
		B8238B2E261F761B004642D6 /* LoginFormSequenceView.swift */ = {isa = PBXFileReference; lastKnownFileType = sourcecode.swift; path = LoginFormSequenceView.swift; sourceTree = "<group>"; };
		B85DE51925FD164400A04A66 /* HueRotationView.swift */ = {isa = PBXFileReference; lastKnownFileType = sourcecode.swift; path = HueRotationView.swift; sourceTree = "<group>"; };
		B85DE51D25FD194B00A04A66 /* AlignmentAnimation.swift */ = {isa = PBXFileReference; lastKnownFileType = sourcecode.swift; path = AlignmentAnimation.swift; sourceTree = "<group>"; };
		B85DE52025FD1B2F00A04A66 /* RotationAnimation.swift */ = {isa = PBXFileReference; lastKnownFileType = sourcecode.swift; path = RotationAnimation.swift; sourceTree = "<group>"; };
		B85DE52425FD1CB500A04A66 /* SizeAnimation.swift */ = {isa = PBXFileReference; lastKnownFileType = sourcecode.swift; path = SizeAnimation.swift; sourceTree = "<group>"; };
		B85DE52825FD1EEA00A04A66 /* TextAnimation.swift */ = {isa = PBXFileReference; lastKnownFileType = sourcecode.swift; path = TextAnimation.swift; sourceTree = "<group>"; };
		B85DE52C25FD20B000A04A66 /* TrimAnimation.swift */ = {isa = PBXFileReference; lastKnownFileType = sourcecode.swift; path = TrimAnimation.swift; sourceTree = "<group>"; };
		B85DE53025FD222300A04A66 /* FlyingAway.swift */ = {isa = PBXFileReference; lastKnownFileType = sourcecode.swift; path = FlyingAway.swift; sourceTree = "<group>"; };
		B85DE53425FD25F800A04A66 /* LoginForm.swift */ = {isa = PBXFileReference; lastKnownFileType = sourcecode.swift; path = LoginForm.swift; sourceTree = "<group>"; };
		B880919125F13FDE00D7C7AC /* BookSolutions_QuickStart.app */ = {isa = PBXFileReference; explicitFileType = wrapper.application; includeInIndex = 0; path = BookSolutions_QuickStart.app; sourceTree = BUILT_PRODUCTS_DIR; };
		B880919425F13FDE00D7C7AC /* BookSolutions_QuickStartApp.swift */ = {isa = PBXFileReference; lastKnownFileType = sourcecode.swift; path = BookSolutions_QuickStartApp.swift; sourceTree = "<group>"; };
		B880919625F13FDE00D7C7AC /* ContentView.swift */ = {isa = PBXFileReference; lastKnownFileType = sourcecode.swift; path = ContentView.swift; sourceTree = "<group>"; };
		B880919825F13FDF00D7C7AC /* Assets.xcassets */ = {isa = PBXFileReference; lastKnownFileType = folder.assetcatalog; path = Assets.xcassets; sourceTree = "<group>"; };
		B880919B25F13FDF00D7C7AC /* Preview Assets.xcassets */ = {isa = PBXFileReference; lastKnownFileType = folder.assetcatalog; path = "Preview Assets.xcassets"; sourceTree = "<group>"; };
		B880919D25F13FDF00D7C7AC /* Info.plist */ = {isa = PBXFileReference; lastKnownFileType = text.plist.xml; path = Info.plist; sourceTree = "<group>"; };
		B88091A525F1409600D7C7AC /* MoveCircleShape.swift */ = {isa = PBXFileReference; lastKnownFileType = sourcecode.swift; path = MoveCircleShape.swift; sourceTree = "<group>"; };
		B88730EF2611138600B7A7F9 /* RepeatingAnimationView.swift */ = {isa = PBXFileReference; lastKnownFileType = sourcecode.swift; path = RepeatingAnimationView.swift; sourceTree = "<group>"; };
		B88DAEDB262215AC00263D20 /* HorizontalMenuView.swift */ = {isa = PBXFileReference; lastKnownFileType = sourcecode.swift; path = HorizontalMenuView.swift; sourceTree = "<group>"; };
		B8BF2672262310150033F4D9 /* RollingButtonView.swift */ = {isa = PBXFileReference; lastKnownFileType = sourcecode.swift; path = RollingButtonView.swift; sourceTree = "<group>"; };
/* End PBXFileReference section */

/* Begin PBXFrameworksBuildPhase section */
		B880918E25F13FDE00D7C7AC /* Frameworks */ = {
			isa = PBXFrameworksBuildPhase;
			buildActionMask = 2147483647;
			files = (
			);
			runOnlyForDeploymentPostprocessing = 0;
		};
/* End PBXFrameworksBuildPhase section */

/* Begin PBXGroup section */
		B815763525FE0BE5008A4DD8 /* Chapter 3 */ = {
			isa = PBXGroup;
			children = (
				B815765F25FE6F49008A4DD8 /* ZoomImageInArticle.swift */,
				B815765725FE6928008A4DD8 /* PopupView.swift */,
				B815765325FE65EF008A4DD8 /* ParallaxScrollingEffectView.swift */,
				B815764F25FE6373008A4DD8 /* RotationGestureGearsView.swift */,
				B815764B25FE6258008A4DD8 /* GestureMagnificationView.swift */,
				B815764625FE60DC008A4DD8 /* LongPressGestureWavesView.swift */,
				B815764225FE544F008A4DD8 /* DradGestureMenuView.swift */,
				B815763D25FE51D6008A4DD8 /* RandomCirclesView.swift */,
				B815763725FE0C5B008A4DD8 /* ButtonMenuView.swift */,
				B815763A25FE5011008A4DD8 /* SliderGlassView.swift */,
			);
			path = "Chapter 3";
			sourceTree = "<group>";
		};
		B85DE51825FD163C00A04A66 /* Chapter 2 */ = {
			isa = PBXGroup;
			children = (
				B85DE53425FD25F800A04A66 /* LoginForm.swift */,
				B85DE53025FD222300A04A66 /* FlyingAway.swift */,
				B85DE52C25FD20B000A04A66 /* TrimAnimation.swift */,
				B85DE52825FD1EEA00A04A66 /* TextAnimation.swift */,
				B85DE52425FD1CB500A04A66 /* SizeAnimation.swift */,
				B85DE52025FD1B2F00A04A66 /* RotationAnimation.swift */,
				B85DE51925FD164400A04A66 /* HueRotationView.swift */,
				B85DE51D25FD194B00A04A66 /* AlignmentAnimation.swift */,
			);
			path = "Chapter 2";
			sourceTree = "<group>";
		};
		B880918825F13FDE00D7C7AC = {
			isa = PBXGroup;
			children = (
				B880919325F13FDE00D7C7AC /* BookSolutions_QuickStart */,
				B880919225F13FDE00D7C7AC /* Products */,
			);
			sourceTree = "<group>";
		};
		B880919225F13FDE00D7C7AC /* Products */ = {
			isa = PBXGroup;
			children = (
				B880919125F13FDE00D7C7AC /* BookSolutions_QuickStart.app */,
			);
			name = Products;
			sourceTree = "<group>";
		};
		B880919325F13FDE00D7C7AC /* BookSolutions_QuickStart */ = {
			isa = PBXGroup;
			children = (
				B880919425F13FDE00D7C7AC /* BookSolutions_QuickStartApp.swift */,
				B880919625F13FDE00D7C7AC /* ContentView.swift */,
				B88730EE2611137A00B7A7F9 /* Chapter 4 */,
				B815763525FE0BE5008A4DD8 /* Chapter 3 */,
				B85DE51825FD163C00A04A66 /* Chapter 2 */,
				B88091A425F1406700D7C7AC /* Chapter1 */,
				B880919825F13FDF00D7C7AC /* Assets.xcassets */,
				B880919D25F13FDF00D7C7AC /* Info.plist */,
				B880919A25F13FDF00D7C7AC /* Preview Content */,
			);
			path = BookSolutions_QuickStart;
			sourceTree = "<group>";
		};
		B880919A25F13FDF00D7C7AC /* Preview Content */ = {
			isa = PBXGroup;
			children = (
				B880919B25F13FDF00D7C7AC /* Preview Assets.xcassets */,
			);
			path = "Preview Content";
			sourceTree = "<group>";
		};
		B88091A425F1406700D7C7AC /* Chapter1 */ = {
			isa = PBXGroup;
			children = (
				B88091A525F1409600D7C7AC /* MoveCircleShape.swift */,
			);
			path = Chapter1;
			sourceTree = "<group>";
		};
		B88730EE2611137A00B7A7F9 /* Chapter 4 */ = {
			isa = PBXGroup;
			children = (
				B8BF2672262310150033F4D9 /* RollingButtonView.swift */,
				B88DAEDB262215AC00263D20 /* HorizontalMenuView.swift */,
				B8238B2E261F761B004642D6 /* LoginFormSequenceView.swift */,
				B8238B2A261F71E0004642D6 /* SpeedAnimationView.swift */,
				B88730EF2611138600B7A7F9 /* RepeatingAnimationView.swift */,
				B8238B27261F6CF5004642D6 /* SequencingView.swift */,
			);
			path = "Chapter 4";
			sourceTree = "<group>";
		};
/* End PBXGroup section */

/* Begin PBXNativeTarget section */
		B880919025F13FDE00D7C7AC /* BookSolutions_QuickStart */ = {
			isa = PBXNativeTarget;
			buildConfigurationList = B88091A025F13FDF00D7C7AC /* Build configuration list for PBXNativeTarget "BookSolutions_QuickStart" */;
			buildPhases = (
				B880918D25F13FDE00D7C7AC /* Sources */,
				B880918E25F13FDE00D7C7AC /* Frameworks */,
				B880918F25F13FDE00D7C7AC /* Resources */,
			);
			buildRules = (
			);
			dependencies = (
			);
			name = BookSolutions_QuickStart;
			productName = BookSolutions_QuickStart;
			productReference = B880919125F13FDE00D7C7AC /* BookSolutions_QuickStart.app */;
			productType = "com.apple.product-type.application";
		};
/* End PBXNativeTarget section */

/* Begin PBXProject section */
		B880918925F13FDE00D7C7AC /* Project object */ = {
			isa = PBXProject;
			attributes = {
				LastSwiftUpdateCheck = 1240;
				LastUpgradeCheck = 1240;
				TargetAttributes = {
					B880919025F13FDE00D7C7AC = {
						CreatedOnToolsVersion = 12.4;
					};
				};
			};
			buildConfigurationList = B880918C25F13FDE00D7C7AC /* Build configuration list for PBXProject "BookSolutions_QuickStart" */;
			compatibilityVersion = "Xcode 9.3";
			developmentRegion = en;
			hasScannedForEncodings = 0;
			knownRegions = (
				en,
				Base,
			);
			mainGroup = B880918825F13FDE00D7C7AC;
			productRefGroup = B880919225F13FDE00D7C7AC /* Products */;
			projectDirPath = "";
			projectRoot = "";
			targets = (
				B880919025F13FDE00D7C7AC /* BookSolutions_QuickStart */,
			);
		};
/* End PBXProject section */

/* Begin PBXResourcesBuildPhase section */
		B880918F25F13FDE00D7C7AC /* Resources */ = {
			isa = PBXResourcesBuildPhase;
			buildActionMask = 2147483647;
			files = (
				B880919C25F13FDF00D7C7AC /* Preview Assets.xcassets in Resources */,
				B880919925F13FDF00D7C7AC /* Assets.xcassets in Resources */,
			);
			runOnlyForDeploymentPostprocessing = 0;
		};
/* End PBXResourcesBuildPhase section */

/* Begin PBXSourcesBuildPhase section */
		B880918D25F13FDE00D7C7AC /* Sources */ = {
			isa = PBXSourcesBuildPhase;
			buildActionMask = 2147483647;
			files = (
				B815766025FE6F49008A4DD8 /* ZoomImageInArticle.swift in Sources */,
				B815765825FE6929008A4DD8 /* PopupView.swift in Sources */,
				B815764C25FE6258008A4DD8 /* GestureMagnificationView.swift in Sources */,
				B85DE52D25FD20B000A04A66 /* TrimAnimation.swift in Sources */,
				B8238B28261F6CF5004642D6 /* SequencingView.swift in Sources */,
				B8238B2F261F761B004642D6 /* LoginFormSequenceView.swift in Sources */,
				B85DE52125FD1B2F00A04A66 /* RotationAnimation.swift in Sources */,
				B85DE51E25FD194B00A04A66 /* AlignmentAnimation.swift in Sources */,
				B880919725F13FDE00D7C7AC /* ContentView.swift in Sources */,
				B815763B25FE5011008A4DD8 /* SliderGlassView.swift in Sources */,
				B85DE53125FD222300A04A66 /* FlyingAway.swift in Sources */,
				B815765025FE6373008A4DD8 /* RotationGestureGearsView.swift in Sources */,
				B85DE52925FD1EEA00A04A66 /* TextAnimation.swift in Sources */,
				B85DE51A25FD164400A04A66 /* HueRotationView.swift in Sources */,
				B8238B2B261F71E0004642D6 /* SpeedAnimationView.swift in Sources */,
				B880919525F13FDE00D7C7AC /* BookSolutions_QuickStartApp.swift in Sources */,
				B815763E25FE51D6008A4DD8 /* RandomCirclesView.swift in Sources */,
				B85DE52525FD1CB500A04A66 /* SizeAnimation.swift in Sources */,
				B88730F02611138600B7A7F9 /* RepeatingAnimationView.swift in Sources */,
				B815765425FE65EF008A4DD8 /* ParallaxScrollingEffectView.swift in Sources */,
				B815764725FE60DC008A4DD8 /* LongPressGestureWavesView.swift in Sources */,
				B815763825FE0C5B008A4DD8 /* ButtonMenuView.swift in Sources */,
				B85DE53525FD25F800A04A66 /* LoginForm.swift in Sources */,
				B8BF2673262310150033F4D9 /* RollingButtonView.swift in Sources */,
				B815764325FE544F008A4DD8 /* DradGestureMenuView.swift in Sources */,
				B88091A625F1409600D7C7AC /* MoveCircleShape.swift in Sources */,
				B88DAEDC262215AC00263D20 /* HorizontalMenuView.swift in Sources */,
			);
			runOnlyForDeploymentPostprocessing = 0;
		};
/* End PBXSourcesBuildPhase section */

/* Begin XCBuildConfiguration section */
		B880919E25F13FDF00D7C7AC /* Debug */ = {
			isa = XCBuildConfiguration;
			buildSettings = {
				ALWAYS_SEARCH_USER_PATHS = NO;
				CLANG_ANALYZER_NONNULL = YES;
				CLANG_ANALYZER_NUMBER_OBJECT_CONVERSION = YES_AGGRESSIVE;
				CLANG_CXX_LANGUAGE_STANDARD = "gnu++14";
				CLANG_CXX_LIBRARY = "libc++";
				CLANG_ENABLE_MODULES = YES;
				CLANG_ENABLE_OBJC_ARC = YES;
				CLANG_ENABLE_OBJC_WEAK = YES;
				CLANG_WARN_BLOCK_CAPTURE_AUTORELEASING = YES;
				CLANG_WARN_BOOL_CONVERSION = YES;
				CLANG_WARN_COMMA = YES;
				CLANG_WARN_CONSTANT_CONVERSION = YES;
				CLANG_WARN_DEPRECATED_OBJC_IMPLEMENTATIONS = YES;
				CLANG_WARN_DIRECT_OBJC_ISA_USAGE = YES_ERROR;
				CLANG_WARN_DOCUMENTATION_COMMENTS = YES;
				CLANG_WARN_EMPTY_BODY = YES;
				CLANG_WARN_ENUM_CONVERSION = YES;
				CLANG_WARN_INFINITE_RECURSION = YES;
				CLANG_WARN_INT_CONVERSION = YES;
				CLANG_WARN_NON_LITERAL_NULL_CONVERSION = YES;
				CLANG_WARN_OBJC_IMPLICIT_RETAIN_SELF = YES;
				CLANG_WARN_OBJC_LITERAL_CONVERSION = YES;
				CLANG_WARN_OBJC_ROOT_CLASS = YES_ERROR;
				CLANG_WARN_QUOTED_INCLUDE_IN_FRAMEWORK_HEADER = YES;
				CLANG_WARN_RANGE_LOOP_ANALYSIS = YES;
				CLANG_WARN_STRICT_PROTOTYPES = YES;
				CLANG_WARN_SUSPICIOUS_MOVE = YES;
				CLANG_WARN_UNGUARDED_AVAILABILITY = YES_AGGRESSIVE;
				CLANG_WARN_UNREACHABLE_CODE = YES;
				CLANG_WARN__DUPLICATE_METHOD_MATCH = YES;
				COPY_PHASE_STRIP = NO;
				DEBUG_INFORMATION_FORMAT = dwarf;
				ENABLE_STRICT_OBJC_MSGSEND = YES;
				ENABLE_TESTABILITY = YES;
				GCC_C_LANGUAGE_STANDARD = gnu11;
				GCC_DYNAMIC_NO_PIC = NO;
				GCC_NO_COMMON_BLOCKS = YES;
				GCC_OPTIMIZATION_LEVEL = 0;
				GCC_PREPROCESSOR_DEFINITIONS = (
					"DEBUG=1",
					"$(inherited)",
				);
				GCC_WARN_64_TO_32_BIT_CONVERSION = YES;
				GCC_WARN_ABOUT_RETURN_TYPE = YES_ERROR;
				GCC_WARN_UNDECLARED_SELECTOR = YES;
				GCC_WARN_UNINITIALIZED_AUTOS = YES_AGGRESSIVE;
				GCC_WARN_UNUSED_FUNCTION = YES;
				GCC_WARN_UNUSED_VARIABLE = YES;
				IPHONEOS_DEPLOYMENT_TARGET = 14.4;
				MTL_ENABLE_DEBUG_INFO = INCLUDE_SOURCE;
				MTL_FAST_MATH = YES;
				ONLY_ACTIVE_ARCH = YES;
				SDKROOT = iphoneos;
				SWIFT_ACTIVE_COMPILATION_CONDITIONS = DEBUG;
				SWIFT_OPTIMIZATION_LEVEL = "-Onone";
			};
			name = Debug;
		};
		B880919F25F13FDF00D7C7AC /* Release */ = {
			isa = XCBuildConfiguration;
			buildSettings = {
				ALWAYS_SEARCH_USER_PATHS = NO;
				CLANG_ANALYZER_NONNULL = YES;
				CLANG_ANALYZER_NUMBER_OBJECT_CONVERSION = YES_AGGRESSIVE;
				CLANG_CXX_LANGUAGE_STANDARD = "gnu++14";
				CLANG_CXX_LIBRARY = "libc++";
				CLANG_ENABLE_MODULES = YES;
				CLANG_ENABLE_OBJC_ARC = YES;
				CLANG_ENABLE_OBJC_WEAK = YES;
				CLANG_WARN_BLOCK_CAPTURE_AUTORELEASING = YES;
				CLANG_WARN_BOOL_CONVERSION = YES;
				CLANG_WARN_COMMA = YES;
				CLANG_WARN_CONSTANT_CONVERSION = YES;
				CLANG_WARN_DEPRECATED_OBJC_IMPLEMENTATIONS = YES;
				CLANG_WARN_DIRECT_OBJC_ISA_USAGE = YES_ERROR;
				CLANG_WARN_DOCUMENTATION_COMMENTS = YES;
				CLANG_WARN_EMPTY_BODY = YES;
				CLANG_WARN_ENUM_CONVERSION = YES;
				CLANG_WARN_INFINITE_RECURSION = YES;
				CLANG_WARN_INT_CONVERSION = YES;
				CLANG_WARN_NON_LITERAL_NULL_CONVERSION = YES;
				CLANG_WARN_OBJC_IMPLICIT_RETAIN_SELF = YES;
				CLANG_WARN_OBJC_LITERAL_CONVERSION = YES;
				CLANG_WARN_OBJC_ROOT_CLASS = YES_ERROR;
				CLANG_WARN_QUOTED_INCLUDE_IN_FRAMEWORK_HEADER = YES;
				CLANG_WARN_RANGE_LOOP_ANALYSIS = YES;
				CLANG_WARN_STRICT_PROTOTYPES = YES;
				CLANG_WARN_SUSPICIOUS_MOVE = YES;
				CLANG_WARN_UNGUARDED_AVAILABILITY = YES_AGGRESSIVE;
				CLANG_WARN_UNREACHABLE_CODE = YES;
				CLANG_WARN__DUPLICATE_METHOD_MATCH = YES;
				COPY_PHASE_STRIP = NO;
				DEBUG_INFORMATION_FORMAT = "dwarf-with-dsym";
				ENABLE_NS_ASSERTIONS = NO;
				ENABLE_STRICT_OBJC_MSGSEND = YES;
				GCC_C_LANGUAGE_STANDARD = gnu11;
				GCC_NO_COMMON_BLOCKS = YES;
				GCC_WARN_64_TO_32_BIT_CONVERSION = YES;
				GCC_WARN_ABOUT_RETURN_TYPE = YES_ERROR;
				GCC_WARN_UNDECLARED_SELECTOR = YES;
				GCC_WARN_UNINITIALIZED_AUTOS = YES_AGGRESSIVE;
				GCC_WARN_UNUSED_FUNCTION = YES;
				GCC_WARN_UNUSED_VARIABLE = YES;
				IPHONEOS_DEPLOYMENT_TARGET = 14.4;
				MTL_ENABLE_DEBUG_INFO = NO;
				MTL_FAST_MATH = YES;
				SDKROOT = iphoneos;
				SWIFT_COMPILATION_MODE = wholemodule;
				SWIFT_OPTIMIZATION_LEVEL = "-O";
				VALIDATE_PRODUCT = YES;
			};
			name = Release;
		};
		B88091A125F13FDF00D7C7AC /* Debug */ = {
			isa = XCBuildConfiguration;
			buildSettings = {
				ASSETCATALOG_COMPILER_APPICON_NAME = AppIcon;
				ASSETCATALOG_COMPILER_GLOBAL_ACCENT_COLOR_NAME = AccentColor;
				CODE_SIGN_STYLE = Automatic;
				DEVELOPMENT_ASSET_PATHS = "\"BookSolutions_QuickStart/Preview Content\"";
				DEVELOPMENT_TEAM = 2DY52YYPUP;
				ENABLE_PREVIEWS = YES;
				INFOPLIST_FILE = BookSolutions_QuickStart/Info.plist;
				IPHONEOS_DEPLOYMENT_TARGET = 14.0;
				LD_RUNPATH_SEARCH_PATHS = (
					"$(inherited)",
					"@executable_path/Frameworks",
				);
				PRODUCT_BUNDLE_IDENTIFIER = "app.BookSolutions-QuickStart";
				PRODUCT_NAME = "$(TARGET_NAME)";
				SWIFT_VERSION = 5.0;
				TARGETED_DEVICE_FAMILY = "1,2";
			};
			name = Debug;
		};
		B88091A225F13FDF00D7C7AC /* Release */ = {
			isa = XCBuildConfiguration;
			buildSettings = {
				ASSETCATALOG_COMPILER_APPICON_NAME = AppIcon;
				ASSETCATALOG_COMPILER_GLOBAL_ACCENT_COLOR_NAME = AccentColor;
				CODE_SIGN_STYLE = Automatic;
				DEVELOPMENT_ASSET_PATHS = "\"BookSolutions_QuickStart/Preview Content\"";
				DEVELOPMENT_TEAM = 2DY52YYPUP;
				ENABLE_PREVIEWS = YES;
				INFOPLIST_FILE = BookSolutions_QuickStart/Info.plist;
				IPHONEOS_DEPLOYMENT_TARGET = 14.0;
				LD_RUNPATH_SEARCH_PATHS = (
					"$(inherited)",
					"@executable_path/Frameworks",
				);
				PRODUCT_BUNDLE_IDENTIFIER = "app.BookSolutions-QuickStart";
				PRODUCT_NAME = "$(TARGET_NAME)";
				SWIFT_VERSION = 5.0;
				TARGETED_DEVICE_FAMILY = "1,2";
			};
			name = Release;
		};
/* End XCBuildConfiguration section */

/* Begin XCConfigurationList section */
		B880918C25F13FDE00D7C7AC /* Build configuration list for PBXProject "BookSolutions_QuickStart" */ = {
			isa = XCConfigurationList;
			buildConfigurations = (
				B880919E25F13FDF00D7C7AC /* Debug */,
				B880919F25F13FDF00D7C7AC /* Release */,
			);
			defaultConfigurationIsVisible = 0;
			defaultConfigurationName = Release;
		};
		B88091A025F13FDF00D7C7AC /* Build configuration list for PBXNativeTarget "BookSolutions_QuickStart" */ = {
			isa = XCConfigurationList;
			buildConfigurations = (
				B88091A125F13FDF00D7C7AC /* Debug */,
				B88091A225F13FDF00D7C7AC /* Release */,
			);
			defaultConfigurationIsVisible = 0;
			defaultConfigurationName = Release;
		};
/* End XCConfigurationList section */
	};
	rootObject = B880918925F13FDE00D7C7AC /* Project object */;
}
