// !$*UTF8*$!
{
	archiveVersion = 1;
	classes = {
	};
	objectVersion = 50;
	objects = {

/* Begin PBXBuildFile section */
		B891CB4E25ED4C6E005D6591 /* TemperatureControlApp.swift in Sources */ = {isa = PBXBuildFile; fileRef = B891CB4D25ED4C6E005D6591 /* TemperatureControlApp.swift */; };
		B891CB5025ED4C6E005D6591 /* ContentView.swift in Sources */ = {isa = PBXBuildFile; fileRef = B891CB4F25ED4C6E005D6591 /* ContentView.swift */; };
		B891CB5225ED4C6F005D6591 /* Assets.xcassets in Resources */ = {isa = PBXBuildFile; fileRef = B891CB5125ED4C6F005D6591 /* Assets.xcassets */; };
		B891CB5525ED4C6F005D6591 /* Preview Assets.xcassets in Resources */ = {isa = PBXBuildFile; fileRef = B891CB5425ED4C6F005D6591 /* Preview Assets.xcassets */; };
		B891CB6025ED67B6005D6591 /* ModeSelector.swift in Sources */ = {isa = PBXBuildFile; fileRef = B891CB5F25ED67B6005D6591 /* ModeSelector.swift */; };
		B891CB6425ED683D005D6591 /* TemperatureView.swift in Sources */ = {isa = PBXBuildFile; fileRef = B891CB6325ED683D005D6591 /* TemperatureView.swift */; };
		B891CB6B25ED69A1005D6591 /* Settings.swift in Sources */ = {isa = PBXBuildFile; fileRef = B891CB6A25ED69A1005D6591 /* Settings.swift */; };
/* End PBXBuildFile section */

/* Begin PBXFileReference section */
		B891CB4A25ED4C6E005D6591 /* TemperatureControl.app */ = {isa = PBXFileReference; explicitFileType = wrapper.application; includeInIndex = 0; path = TemperatureControl.app; sourceTree = BUILT_PRODUCTS_DIR; };
		B891CB4D25ED4C6E005D6591 /* TemperatureControlApp.swift */ = {isa = PBXFileReference; lastKnownFileType = sourcecode.swift; path = TemperatureControlApp.swift; sourceTree = "<group>"; };
		B891CB4F25ED4C6E005D6591 /* ContentView.swift */ = {isa = PBXFileReference; lastKnownFileType = sourcecode.swift; path = ContentView.swift; sourceTree = "<group>"; };
		B891CB5125ED4C6F005D6591 /* Assets.xcassets */ = {isa = PBXFileReference; lastKnownFileType = folder.assetcatalog; path = Assets.xcassets; sourceTree = "<group>"; };
		B891CB5425ED4C6F005D6591 /* Preview Assets.xcassets */ = {isa = PBXFileReference; lastKnownFileType = folder.assetcatalog; path = "Preview Assets.xcassets"; sourceTree = "<group>"; };
		B891CB5625ED4C6F005D6591 /* Info.plist */ = {isa = PBXFileReference; lastKnownFileType = text.plist.xml; path = Info.plist; sourceTree = "<group>"; };
		B891CB5F25ED67B6005D6591 /* ModeSelector.swift */ = {isa = PBXFileReference; lastKnownFileType = sourcecode.swift; path = ModeSelector.swift; sourceTree = "<group>"; };
		B891CB6325ED683D005D6591 /* TemperatureView.swift */ = {isa = PBXFileReference; lastKnownFileType = sourcecode.swift; path = TemperatureView.swift; sourceTree = "<group>"; };
		B891CB6A25ED69A1005D6591 /* Settings.swift */ = {isa = PBXFileReference; lastKnownFileType = sourcecode.swift; path = Settings.swift; sourceTree = "<group>"; };
/* End PBXFileReference section */

/* Begin PBXFrameworksBuildPhase section */
		B891CB4725ED4C6E005D6591 /* Frameworks */ = {
			isa = PBXFrameworksBuildPhase;
			buildActionMask = 2147483647;
			files = (
			);
			runOnlyForDeploymentPostprocessing = 0;
		};
/* End PBXFrameworksBuildPhase section */

/* Begin PBXGroup section */
		B891CB4125ED4C6E005D6591 = {
			isa = PBXGroup;
			children = (
				B891CB4C25ED4C6E005D6591 /* TemperatureControl */,
				B891CB4B25ED4C6E005D6591 /* Products */,
			);
			sourceTree = "<group>";
		};
		B891CB4B25ED4C6E005D6591 /* Products */ = {
			isa = PBXGroup;
			children = (
				B891CB4A25ED4C6E005D6591 /* TemperatureControl.app */,
			);
			name = Products;
			sourceTree = "<group>";
		};
		B891CB4C25ED4C6E005D6591 /* TemperatureControl */ = {
			isa = PBXGroup;
			children = (
				B891CB4D25ED4C6E005D6591 /* TemperatureControlApp.swift */,
				B891CB5D25ED676F005D6591 /* Views */,
				B891CB5E25ED67A2005D6591 /* Model */,
				B891CB5125ED4C6F005D6591 /* Assets.xcassets */,
				B891CB5625ED4C6F005D6591 /* Info.plist */,
				B891CB5325ED4C6F005D6591 /* Preview Content */,
			);
			path = TemperatureControl;
			sourceTree = "<group>";
		};
		B891CB5325ED4C6F005D6591 /* Preview Content */ = {
			isa = PBXGroup;
			children = (
				B891CB5425ED4C6F005D6591 /* Preview Assets.xcassets */,
			);
			path = "Preview Content";
			sourceTree = "<group>";
		};
		B891CB5D25ED676F005D6591 /* Views */ = {
			isa = PBXGroup;
			children = (
				B891CB4F25ED4C6E005D6591 /* ContentView.swift */,
				B891CB6325ED683D005D6591 /* TemperatureView.swift */,
				B891CB6A25ED69A1005D6591 /* Settings.swift */,
			);
			path = Views;
			sourceTree = "<group>";
		};
		B891CB5E25ED67A2005D6591 /* Model */ = {
			isa = PBXGroup;
			children = (
				B891CB5F25ED67B6005D6591 /* ModeSelector.swift */,
			);
			path = Model;
			sourceTree = "<group>";
		};
/* End PBXGroup section */

/* Begin PBXNativeTarget section */
		B891CB4925ED4C6E005D6591 /* TemperatureControl */ = {
			isa = PBXNativeTarget;
			buildConfigurationList = B891CB5925ED4C6F005D6591 /* Build configuration list for PBXNativeTarget "TemperatureControl" */;
			buildPhases = (
				B891CB4625ED4C6E005D6591 /* Sources */,
				B891CB4725ED4C6E005D6591 /* Frameworks */,
				B891CB4825ED4C6E005D6591 /* Resources */,
			);
			buildRules = (
			);
			dependencies = (
			);
			name = TemperatureControl;
			productName = TemperatureControl;
			productReference = B891CB4A25ED4C6E005D6591 /* TemperatureControl.app */;
			productType = "com.apple.product-type.application";
		};
/* End PBXNativeTarget section */

/* Begin PBXProject section */
		B891CB4225ED4C6E005D6591 /* Project object */ = {
			isa = PBXProject;
			attributes = {
				LastSwiftUpdateCheck = 1240;
				LastUpgradeCheck = 1240;
				TargetAttributes = {
					B891CB4925ED4C6E005D6591 = {
						CreatedOnToolsVersion = 12.4;
					};
				};
			};
			buildConfigurationList = B891CB4525ED4C6E005D6591 /* Build configuration list for PBXProject "TemperatureControl" */;
			compatibilityVersion = "Xcode 9.3";
			developmentRegion = en;
			hasScannedForEncodings = 0;
			knownRegions = (
				en,
				Base,
			);
			mainGroup = B891CB4125ED4C6E005D6591;
			productRefGroup = B891CB4B25ED4C6E005D6591 /* Products */;
			projectDirPath = "";
			projectRoot = "";
			targets = (
				B891CB4925ED4C6E005D6591 /* TemperatureControl */,
			);
		};
/* End PBXProject section */

/* Begin PBXResourcesBuildPhase section */
		B891CB4825ED4C6E005D6591 /* Resources */ = {
			isa = PBXResourcesBuildPhase;
			buildActionMask = 2147483647;
			files = (
				B891CB5525ED4C6F005D6591 /* Preview Assets.xcassets in Resources */,
				B891CB5225ED4C6F005D6591 /* Assets.xcassets in Resources */,
			);
			runOnlyForDeploymentPostprocessing = 0;
		};
/* End PBXResourcesBuildPhase section */

/* Begin PBXSourcesBuildPhase section */
		B891CB4625ED4C6E005D6591 /* Sources */ = {
			isa = PBXSourcesBuildPhase;
			buildActionMask = 2147483647;
			files = (
				B891CB6B25ED69A1005D6591 /* Settings.swift in Sources */,
				B891CB6025ED67B6005D6591 /* ModeSelector.swift in Sources */,
				B891CB6425ED683D005D6591 /* TemperatureView.swift in Sources */,
				B891CB5025ED4C6E005D6591 /* ContentView.swift in Sources */,
				B891CB4E25ED4C6E005D6591 /* TemperatureControlApp.swift in Sources */,
			);
			runOnlyForDeploymentPostprocessing = 0;
		};
/* End PBXSourcesBuildPhase section */

/* Begin XCBuildConfiguration section */
		B891CB5725ED4C6F005D6591 /* Debug */ = {
			isa = XCBuildConfiguration;
			buildSettings = {
				ALWAYS_SEARCH_USER_PATHS = NO;
				CLANG_ANALYZER_NONNULL = YES;
				CLANG_ANALYZER_NUMBER_OBJECT_CONVERSION = YES_AGGRESSIVE;
				CLANG_CXX_LANGUAGE_STANDARD = "gnu++14";
				CLANG_CXX_LIBRARY = "libc++";
				CLANG_ENABLE_MODULES = YES;
				CLANG_ENABLE_OBJC_ARC = YES;
				CLANG_ENABLE_OBJC_WEAK = YES;
				CLANG_WARN_BLOCK_CAPTURE_AUTORELEASING = YES;
				CLANG_WARN_BOOL_CONVERSION = YES;
				CLANG_WARN_COMMA = YES;
				CLANG_WARN_CONSTANT_CONVERSION = YES;
				CLANG_WARN_DEPRECATED_OBJC_IMPLEMENTATIONS = YES;
				CLANG_WARN_DIRECT_OBJC_ISA_USAGE = YES_ERROR;
				CLANG_WARN_DOCUMENTATION_COMMENTS = YES;
				CLANG_WARN_EMPTY_BODY = YES;
				CLANG_WARN_ENUM_CONVERSION = YES;
				CLANG_WARN_INFINITE_RECURSION = YES;
				CLANG_WARN_INT_CONVERSION = YES;
				CLANG_WARN_NON_LITERAL_NULL_CONVERSION = YES;
				CLANG_WARN_OBJC_IMPLICIT_RETAIN_SELF = YES;
				CLANG_WARN_OBJC_LITERAL_CONVERSION = YES;
				CLANG_WARN_OBJC_ROOT_CLASS = YES_ERROR;
				CLANG_WARN_QUOTED_INCLUDE_IN_FRAMEWORK_HEADER = YES;
				CLANG_WARN_RANGE_LOOP_ANALYSIS = YES;
				CLANG_WARN_STRICT_PROTOTYPES = YES;
				CLANG_WARN_SUSPICIOUS_MOVE = YES;
				CLANG_WARN_UNGUARDED_AVAILABILITY = YES_AGGRESSIVE;
				CLANG_WARN_UNREACHABLE_CODE = YES;
				CLANG_WARN__DUPLICATE_METHOD_MATCH = YES;
				COPY_PHASE_STRIP = NO;
				DEBUG_INFORMATION_FORMAT = dwarf;
				ENABLE_STRICT_OBJC_MSGSEND = YES;
				ENABLE_TESTABILITY = YES;
				GCC_C_LANGUAGE_STANDARD = gnu11;
				GCC_DYNAMIC_NO_PIC = NO;
				GCC_NO_COMMON_BLOCKS = YES;
				GCC_OPTIMIZATION_LEVEL = 0;
				GCC_PREPROCESSOR_DEFINITIONS = (
					"DEBUG=1",
					"$(inherited)",
				);
				GCC_WARN_64_TO_32_BIT_CONVERSION = YES;
				GCC_WARN_ABOUT_RETURN_TYPE = YES_ERROR;
				GCC_WARN_UNDECLARED_SELECTOR = YES;
				GCC_WARN_UNINITIALIZED_AUTOS = YES_AGGRESSIVE;
				GCC_WARN_UNUSED_FUNCTION = YES;
				GCC_WARN_UNUSED_VARIABLE = YES;
				IPHONEOS_DEPLOYMENT_TARGET = 14.4;
				MTL_ENABLE_DEBUG_INFO = INCLUDE_SOURCE;
				MTL_FAST_MATH = YES;
				ONLY_ACTIVE_ARCH = YES;
				SDKROOT = iphoneos;
				SWIFT_ACTIVE_COMPILATION_CONDITIONS = DEBUG;
				SWIFT_OPTIMIZATION_LEVEL = "-Onone";
			};
			name = Debug;
		};
		B891CB5825ED4C6F005D6591 /* Release */ = {
			isa = XCBuildConfiguration;
			buildSettings = {
				ALWAYS_SEARCH_USER_PATHS = NO;
				CLANG_ANALYZER_NONNULL = YES;
				CLANG_ANALYZER_NUMBER_OBJECT_CONVERSION = YES_AGGRESSIVE;
				CLANG_CXX_LANGUAGE_STANDARD = "gnu++14";
				CLANG_CXX_LIBRARY = "libc++";
				CLANG_ENABLE_MODULES = YES;
				CLANG_ENABLE_OBJC_ARC = YES;
				CLANG_ENABLE_OBJC_WEAK = YES;
				CLANG_WARN_BLOCK_CAPTURE_AUTORELEASING = YES;
				CLANG_WARN_BOOL_CONVERSION = YES;
				CLANG_WARN_COMMA = YES;
				CLANG_WARN_CONSTANT_CONVERSION = YES;
				CLANG_WARN_DEPRECATED_OBJC_IMPLEMENTATIONS = YES;
				CLANG_WARN_DIRECT_OBJC_ISA_USAGE = YES_ERROR;
				CLANG_WARN_DOCUMENTATION_COMMENTS = YES;
				CLANG_WARN_EMPTY_BODY = YES;
				CLANG_WARN_ENUM_CONVERSION = YES;
				CLANG_WARN_INFINITE_RECURSION = YES;
				CLANG_WARN_INT_CONVERSION = YES;
				CLANG_WARN_NON_LITERAL_NULL_CONVERSION = YES;
				CLANG_WARN_OBJC_IMPLICIT_RETAIN_SELF = YES;
				CLANG_WARN_OBJC_LITERAL_CONVERSION = YES;
				CLANG_WARN_OBJC_ROOT_CLASS = YES_ERROR;
				CLANG_WARN_QUOTED_INCLUDE_IN_FRAMEWORK_HEADER = YES;
				CLANG_WARN_RANGE_LOOP_ANALYSIS = YES;
				CLANG_WARN_STRICT_PROTOTYPES = YES;
				CLANG_WARN_SUSPICIOUS_MOVE = YES;
				CLANG_WARN_UNGUARDED_AVAILABILITY = YES_AGGRESSIVE;
				CLANG_WARN_UNREACHABLE_CODE = YES;
				CLANG_WARN__DUPLICATE_METHOD_MATCH = YES;
				COPY_PHASE_STRIP = NO;
				DEBUG_INFORMATION_FORMAT = "dwarf-with-dsym";
				ENABLE_NS_ASSERTIONS = NO;
				ENABLE_STRICT_OBJC_MSGSEND = YES;
				GCC_C_LANGUAGE_STANDARD = gnu11;
				GCC_NO_COMMON_BLOCKS = YES;
				GCC_WARN_64_TO_32_BIT_CONVERSION = YES;
				GCC_WARN_ABOUT_RETURN_TYPE = YES_ERROR;
				GCC_WARN_UNDECLARED_SELECTOR = YES;
				GCC_WARN_UNINITIALIZED_AUTOS = YES_AGGRESSIVE;
				GCC_WARN_UNUSED_FUNCTION = YES;
				GCC_WARN_UNUSED_VARIABLE = YES;
				IPHONEOS_DEPLOYMENT_TARGET = 14.4;
				MTL_ENABLE_DEBUG_INFO = NO;
				MTL_FAST_MATH = YES;
				SDKROOT = iphoneos;
				SWIFT_COMPILATION_MODE = wholemodule;
				SWIFT_OPTIMIZATION_LEVEL = "-O";
				VALIDATE_PRODUCT = YES;
			};
			name = Release;
		};
		B891CB5A25ED4C6F005D6591 /* Debug */ = {
			isa = XCBuildConfiguration;
			buildSettings = {
				ASSETCATALOG_COMPILER_APPICON_NAME = AppIcon;
				ASSETCATALOG_COMPILER_GLOBAL_ACCENT_COLOR_NAME = AccentColor;
				CODE_SIGN_STYLE = Automatic;
				DEVELOPMENT_ASSET_PATHS = "\"TemperatureControl/Preview Content\"";
				DEVELOPMENT_TEAM = 2DY52YYPUP;
				ENABLE_PREVIEWS = YES;
				INFOPLIST_FILE = TemperatureControl/Info.plist;
				IPHONEOS_DEPLOYMENT_TARGET = 14.0;
				LD_RUNPATH_SEARCH_PATHS = (
					"$(inherited)",
					"@executable_path/Frameworks",
				);
				PRODUCT_BUNDLE_IDENTIFIER = app.TemperatureControl;
				PRODUCT_NAME = "$(TARGET_NAME)";
				SWIFT_VERSION = 5.0;
				TARGETED_DEVICE_FAMILY = "1,2";
			};
			name = Debug;
		};
		B891CB5B25ED4C6F005D6591 /* Release */ = {
			isa = XCBuildConfiguration;
			buildSettings = {
				ASSETCATALOG_COMPILER_APPICON_NAME = AppIcon;
				ASSETCATALOG_COMPILER_GLOBAL_ACCENT_COLOR_NAME = AccentColor;
				CODE_SIGN_STYLE = Automatic;
				DEVELOPMENT_ASSET_PATHS = "\"TemperatureControl/Preview Content\"";
				DEVELOPMENT_TEAM = 2DY52YYPUP;
				ENABLE_PREVIEWS = YES;
				INFOPLIST_FILE = TemperatureControl/Info.plist;
				IPHONEOS_DEPLOYMENT_TARGET = 14.0;
				LD_RUNPATH_SEARCH_PATHS = (
					"$(inherited)",
					"@executable_path/Frameworks",
				);
				PRODUCT_BUNDLE_IDENTIFIER = app.TemperatureControl;
				PRODUCT_NAME = "$(TARGET_NAME)";
				SWIFT_VERSION = 5.0;
				TARGETED_DEVICE_FAMILY = "1,2";
			};
			name = Release;
		};
/* End XCBuildConfiguration section */

/* Begin XCConfigurationList section */
		B891CB4525ED4C6E005D6591 /* Build configuration list for PBXProject "TemperatureControl" */ = {
			isa = XCConfigurationList;
			buildConfigurations = (
				B891CB5725ED4C6F005D6591 /* Debug */,
				B891CB5825ED4C6F005D6591 /* Release */,
			);
			defaultConfigurationIsVisible = 0;
			defaultConfigurationName = Release;
		};
		B891CB5925ED4C6F005D6591 /* Build configuration list for PBXNativeTarget "TemperatureControl" */ = {
			isa = XCConfigurationList;
			buildConfigurations = (
				B891CB5A25ED4C6F005D6591 /* Debug */,
				B891CB5B25ED4C6F005D6591 /* Release */,
			);
			defaultConfigurationIsVisible = 0;
			defaultConfigurationName = Release;
		};
/* End XCConfigurationList section */
	};
	rootObject = B891CB4225ED4C6E005D6591 /* Project object */;
}
